
Microsoft Visual Studio Solution File, Format Version 12.00
# Visual Studio Version 17
VisualStudioVersion = 17.10.34804.81
MinimumVisualStudioVersion = 10.0.40219.1
Project("{9A19103F-16F7-4668-BE54-9A1E7A4F7556}") = "NewShop.AppHost", "NewShop.AppHost\NewShop.AppHost.csproj", "{15CF39BB-A43B-41BB-868E-177C57500E08}"
EndProject
Project("{9A19103F-16F7-4668-BE54-9A1E7A4F7556}") = "NewShop.ServiceDefaults", "NewShop.ServiceDefaults\NewShop.ServiceDefaults.csproj", "{8B8FFA87-7827-4A67-B037-794FE6166C53}"
EndProject
Project("{9A19103F-16F7-4668-BE54-9A1E7A4F7556}") = "NewShop.Web", "NewShop.Web\NewShop.Web.csproj", "{74454744-4A8C-47AF-934B-250325A8BD0F}"
EndProject
Project("{9A19103F-16F7-4668-BE54-9A1E7A4F7556}") = "NewBasket", "NewBasket\NewBasket.csproj", "{D508058B-CD59-4148-8654-5C40796EDB74}"
EndProject
Project("{9A19103F-16F7-4668-BE54-9A1E7A4F7556}") = "NewCatalog", "NewCatalog\NewCatalog.csproj", "{0AB0B3B2-DDA0-4908-823F-FF53A4A9669F}"
EndProject
Project("{9A19103F-16F7-4668-BE54-9A1E7A4F7556}") = "NewOrdering", "NewOrdering\NewOrdering.csproj", "{7B7F599E-7D40-4A05-A078-AD1C8B9136ED}"
EndProject
Project("{9A19103F-16F7-4668-BE54-9A1E7A4F7556}") = "NewPayment", "NewPayment\NewPayment.csproj", "{9681B5DA-47D0-4291-85DD-FE2C72A63F9B}"
EndProject
Global
	GlobalSection(SolutionConfigurationPlatforms) = preSolution
		Debug|Any CPU = Debug|Any CPU
		Release|Any CPU = Release|Any CPU
	EndGlobalSection
	GlobalSection(ProjectConfigurationPlatforms) = postSolution
		{15CF39BB-A43B-41BB-868E-177C57500E08}.Debug|Any CPU.ActiveCfg = Debug|Any CPU
		{15CF39BB-A43B-41BB-868E-177C57500E08}.Debug|Any CPU.Build.0 = Debug|Any CPU
		{15CF39BB-A43B-41BB-868E-177C57500E08}.Release|Any CPU.ActiveCfg = Release|Any CPU
		{15CF39BB-A43B-41BB-868E-177C57500E08}.Release|Any CPU.Build.0 = Release|Any CPU
		{8B8FFA87-7827-4A67-B037-794FE6166C53}.Debug|Any CPU.ActiveCfg = Debug|Any CPU
		{8B8FFA87-7827-4A67-B037-794FE6166C53}.Debug|Any CPU.Build.0 = Debug|Any CPU
		{8B8FFA87-7827-4A67-B037-794FE6166C53}.Release|Any CPU.ActiveCfg = Release|Any CPU
		{8B8FFA87-7827-4A67-B037-794FE6166C53}.Release|Any CPU.Build.0 = Release|Any CPU
		{74454744-4A8C-47AF-934B-250325A8BD0F}.Debug|Any CPU.ActiveCfg = Debug|Any CPU
		{74454744-4A8C-47AF-934B-250325A8BD0F}.Debug|Any CPU.Build.0 = Debug|Any CPU
		{74454744-4A8C-47AF-934B-250325A8BD0F}.Release|Any CPU.ActiveCfg = Release|Any CPU
		{74454744-4A8C-47AF-934B-250325A8BD0F}.Release|Any CPU.Build.0 = Release|Any CPU
		{D508058B-CD59-4148-8654-5C40796EDB74}.Debug|Any CPU.ActiveCfg = Debug|Any CPU
		{D508058B-CD59-4148-8654-5C40796EDB74}.Debug|Any CPU.Build.0 = Debug|Any CPU
		{D508058B-CD59-4148-8654-5C40796EDB74}.Release|Any CPU.ActiveCfg = Release|Any CPU
		{D508058B-CD59-4148-8654-5C40796EDB74}.Release|Any CPU.Build.0 = Release|Any CPU
		{0AB0B3B2-DDA0-4908-823F-FF53A4A9669F}.Debug|Any CPU.ActiveCfg = Debug|Any CPU
		{0AB0B3B2-DDA0-4908-823F-FF53A4A9669F}.Debug|Any CPU.Build.0 = Debug|Any CPU
		{0AB0B3B2-DDA0-4908-823F-FF53A4A9669F}.Release|Any CPU.ActiveCfg = Release|Any CPU
		{0AB0B3B2-DDA0-4908-823F-FF53A4A9669F}.Release|Any CPU.Build.0 = Release|Any CPU
		{7B7F599E-7D40-4A05-A078-AD1C8B9136ED}.Debug|Any CPU.ActiveCfg = Debug|Any CPU
		{7B7F599E-7D40-4A05-A078-AD1C8B9136ED}.Debug|Any CPU.Build.0 = Debug|Any CPU
		{7B7F599E-7D40-4A05-A078-AD1C8B9136ED}.Release|Any CPU.ActiveCfg = Release|Any CPU
		{7B7F599E-7D40-4A05-A078-AD1C8B9136ED}.Release|Any CPU.Build.0 = Release|Any CPU
		{9681B5DA-47D0-4291-85DD-FE2C72A63F9B}.Debug|Any CPU.ActiveCfg = Debug|Any CPU
		{9681B5DA-47D0-4291-85DD-FE2C72A63F9B}.Debug|Any CPU.Build.0 = Debug|Any CPU
		{9681B5DA-47D0-4291-85DD-FE2C72A63F9B}.Release|Any CPU.ActiveCfg = Release|Any CPU
		{9681B5DA-47D0-4291-85DD-FE2C72A63F9B}.Release|Any CPU.Build.0 = Release|Any CPU
	EndGlobalSection
	GlobalSection(SolutionProperties) = preSolution
		HideSolutionNode = FALSE
	EndGlobalSection
	GlobalSection(ExtensibilityGlobals) = postSolution
		SolutionGuid = {D61BD4EC-0F9F-424C-9274-71C2A698CE10}
	EndGlobalSection
EndGlobal
